// !$*UTF8*$!
{
	archiveVersion = 1;
	classes = {
	};
	objectVersion = 46;
	objects = {

/* Begin PBXBuildFile section */
		46943B561E2EFAA10079685A /* AppDelegate.swift in Sources */ = {isa = PBXBuildFile; fileRef = 46943B551E2EFAA10079685A /* AppDelegate.swift */; };
		46943B581E2EFAA10079685A /* ViewController.swift in Sources */ = {isa = PBXBuildFile; fileRef = 46943B571E2EFAA10079685A /* ViewController.swift */; };
		46943B5B1E2EFAA10079685A /* Main.storyboard in Resources */ = {isa = PBXBuildFile; fileRef = 46943B591E2EFAA10079685A /* Main.storyboard */; };
		46943B5D1E2EFAA10079685A /* Assets.xcassets in Resources */ = {isa = PBXBuildFile; fileRef = 46943B5C1E2EFAA10079685A /* Assets.xcassets */; };
		46943B601E2EFAA10079685A /* LaunchScreen.storyboard in Resources */ = {isa = PBXBuildFile; fileRef = 46943B5E1E2EFAA10079685A /* LaunchScreen.storyboard */; };
		46943B6B1E2EFAA10079685A /* SocialAppFireBaseTestTests.swift in Sources */ = {isa = PBXBuildFile; fileRef = 46943B6A1E2EFAA10079685A /* SocialAppFireBaseTestTests.swift */; };
		46943B761E2EFAA10079685A /* SocialAppFireBaseTestUITests.swift in Sources */ = {isa = PBXBuildFile; fileRef = 46943B751E2EFAA10079685A /* SocialAppFireBaseTestUITests.swift */; };
		46943B861E2F031C0079685A /* GoogleService-Info.plist in Resources */ = {isa = PBXBuildFile; fileRef = 46943B851E2F031C0079685A /* GoogleService-Info.plist */; };
		46943B881E2F0CEB0079685A /* FeedViewController.swift in Sources */ = {isa = PBXBuildFile; fileRef = 46943B871E2F0CEB0079685A /* FeedViewController.swift */; };
		7A93D497279024E9A63D21E9 /* Pods_SocialAppFireBaseTestTests.framework in Frameworks */ = {isa = PBXBuildFile; fileRef = 1037B714C2DA419615C8C700 /* Pods_SocialAppFireBaseTestTests.framework */; };
		F063ADF081699261012D9261 /* Pods_SocialAppFireBaseTest.framework in Frameworks */ = {isa = PBXBuildFile; fileRef = E9347D5CD8507B9F543885D9 /* Pods_SocialAppFireBaseTest.framework */; };
		F320D148FFF0ADE9F3DE915F /* Pods_SocialAppFireBaseTestUITests.framework in Frameworks */ = {isa = PBXBuildFile; fileRef = 690E447175288FE40757C497 /* Pods_SocialAppFireBaseTestUITests.framework */; };
/* End PBXBuildFile section */

/* Begin PBXContainerItemProxy section */
		46943B671E2EFAA10079685A /* PBXContainerItemProxy */ = {
			isa = PBXContainerItemProxy;
			containerPortal = 46943B4A1E2EFAA10079685A /* Project object */;
			proxyType = 1;
			remoteGlobalIDString = 46943B511E2EFAA10079685A;
			remoteInfo = SocialAppFireBaseTest;
		};
		46943B721E2EFAA10079685A /* PBXContainerItemProxy */ = {
			isa = PBXContainerItemProxy;
			containerPortal = 46943B4A1E2EFAA10079685A /* Project object */;
			proxyType = 1;
			remoteGlobalIDString = 46943B511E2EFAA10079685A;
			remoteInfo = SocialAppFireBaseTest;
		};
/* End PBXContainerItemProxy section */

/* Begin PBXFileReference section */
		1037B714C2DA419615C8C700 /* Pods_SocialAppFireBaseTestTests.framework */ = {isa = PBXFileReference; explicitFileType = wrapper.framework; includeInIndex = 0; path = Pods_SocialAppFireBaseTestTests.framework; sourceTree = BUILT_PRODUCTS_DIR; };
		107D1D3593966D6E9EAD5A9B /* Pods-SocialAppFireBaseTestUITests.release.xcconfig */ = {isa = PBXFileReference; includeInIndex = 1; lastKnownFileType = text.xcconfig; name = "Pods-SocialAppFireBaseTestUITests.release.xcconfig"; path = "Pods/Target Support Files/Pods-SocialAppFireBaseTestUITests/Pods-SocialAppFireBaseTestUITests.release.xcconfig"; sourceTree = "<group>"; };
		210FB6CDE46A44A6FA630F27 /* Pods-SocialAppFireBaseTest.release.xcconfig */ = {isa = PBXFileReference; includeInIndex = 1; lastKnownFileType = text.xcconfig; name = "Pods-SocialAppFireBaseTest.release.xcconfig"; path = "Pods/Target Support Files/Pods-SocialAppFireBaseTest/Pods-SocialAppFireBaseTest.release.xcconfig"; sourceTree = "<group>"; };
		32792132F39F99202B7DFC8D /* Pods-SocialAppFireBaseTestTests.release.xcconfig */ = {isa = PBXFileReference; includeInIndex = 1; lastKnownFileType = text.xcconfig; name = "Pods-SocialAppFireBaseTestTests.release.xcconfig"; path = "Pods/Target Support Files/Pods-SocialAppFireBaseTestTests/Pods-SocialAppFireBaseTestTests.release.xcconfig"; sourceTree = "<group>"; };
		46943B521E2EFAA10079685A /* SocialAppFireBaseTest.app */ = {isa = PBXFileReference; explicitFileType = wrapper.application; includeInIndex = 0; path = SocialAppFireBaseTest.app; sourceTree = BUILT_PRODUCTS_DIR; };
		46943B551E2EFAA10079685A /* AppDelegate.swift */ = {isa = PBXFileReference; lastKnownFileType = sourcecode.swift; path = AppDelegate.swift; sourceTree = "<group>"; };
		46943B571E2EFAA10079685A /* ViewController.swift */ = {isa = PBXFileReference; lastKnownFileType = sourcecode.swift; path = ViewController.swift; sourceTree = "<group>"; };
		46943B5A1E2EFAA10079685A /* Base */ = {isa = PBXFileReference; lastKnownFileType = file.storyboard; name = Base; path = Base.lproj/Main.storyboard; sourceTree = "<group>"; };
		46943B5C1E2EFAA10079685A /* Assets.xcassets */ = {isa = PBXFileReference; lastKnownFileType = folder.assetcatalog; path = Assets.xcassets; sourceTree = "<group>"; };
		46943B5F1E2EFAA10079685A /* Base */ = {isa = PBXFileReference; lastKnownFileType = file.storyboard; name = Base; path = Base.lproj/LaunchScreen.storyboard; sourceTree = "<group>"; };
		46943B611E2EFAA10079685A /* Info.plist */ = {isa = PBXFileReference; lastKnownFileType = text.plist.xml; path = Info.plist; sourceTree = "<group>"; };
		46943B661E2EFAA10079685A /* SocialAppFireBaseTestTests.xctest */ = {isa = PBXFileReference; explicitFileType = wrapper.cfbundle; includeInIndex = 0; path = SocialAppFireBaseTestTests.xctest; sourceTree = BUILT_PRODUCTS_DIR; };
		46943B6A1E2EFAA10079685A /* SocialAppFireBaseTestTests.swift */ = {isa = PBXFileReference; lastKnownFileType = sourcecode.swift; path = SocialAppFireBaseTestTests.swift; sourceTree = "<group>"; };
		46943B6C1E2EFAA10079685A /* Info.plist */ = {isa = PBXFileReference; lastKnownFileType = text.plist.xml; path = Info.plist; sourceTree = "<group>"; };
		46943B711E2EFAA10079685A /* SocialAppFireBaseTestUITests.xctest */ = {isa = PBXFileReference; explicitFileType = wrapper.cfbundle; includeInIndex = 0; path = SocialAppFireBaseTestUITests.xctest; sourceTree = BUILT_PRODUCTS_DIR; };
		46943B751E2EFAA10079685A /* SocialAppFireBaseTestUITests.swift */ = {isa = PBXFileReference; lastKnownFileType = sourcecode.swift; path = SocialAppFireBaseTestUITests.swift; sourceTree = "<group>"; };
		46943B771E2EFAA10079685A /* Info.plist */ = {isa = PBXFileReference; lastKnownFileType = text.plist.xml; path = Info.plist; sourceTree = "<group>"; };
		46943B851E2F031C0079685A /* GoogleService-Info.plist */ = {isa = PBXFileReference; fileEncoding = 4; lastKnownFileType = text.plist.xml; path = "GoogleService-Info.plist"; sourceTree = "<group>"; };
		46943B871E2F0CEB0079685A /* FeedViewController.swift */ = {isa = PBXFileReference; fileEncoding = 4; lastKnownFileType = sourcecode.swift; path = FeedViewController.swift; sourceTree = "<group>"; };
		67460237B5178937AF17BD99 /* Pods-SocialAppFireBaseTestTests.debug.xcconfig */ = {isa = PBXFileReference; includeInIndex = 1; lastKnownFileType = text.xcconfig; name = "Pods-SocialAppFireBaseTestTests.debug.xcconfig"; path = "Pods/Target Support Files/Pods-SocialAppFireBaseTestTests/Pods-SocialAppFireBaseTestTests.debug.xcconfig"; sourceTree = "<group>"; };
		690E447175288FE40757C497 /* Pods_SocialAppFireBaseTestUITests.framework */ = {isa = PBXFileReference; explicitFileType = wrapper.framework; includeInIndex = 0; path = Pods_SocialAppFireBaseTestUITests.framework; sourceTree = BUILT_PRODUCTS_DIR; };
		C0EB65123F7BBA1BDF82B2F9 /* Pods-SocialAppFireBaseTest.debug.xcconfig */ = {isa = PBXFileReference; includeInIndex = 1; lastKnownFileType = text.xcconfig; name = "Pods-SocialAppFireBaseTest.debug.xcconfig"; path = "Pods/Target Support Files/Pods-SocialAppFireBaseTest/Pods-SocialAppFireBaseTest.debug.xcconfig"; sourceTree = "<group>"; };
		C9C5A325BA94282DE29FA880 /* Pods-SocialAppFireBaseTestUITests.debug.xcconfig */ = {isa = PBXFileReference; includeInIndex = 1; lastKnownFileType = text.xcconfig; name = "Pods-SocialAppFireBaseTestUITests.debug.xcconfig"; path = "Pods/Target Support Files/Pods-SocialAppFireBaseTestUITests/Pods-SocialAppFireBaseTestUITests.debug.xcconfig"; sourceTree = "<group>"; };
		E9347D5CD8507B9F543885D9 /* Pods_SocialAppFireBaseTest.framework */ = {isa = PBXFileReference; explicitFileType = wrapper.framework; includeInIndex = 0; path = Pods_SocialAppFireBaseTest.framework; sourceTree = BUILT_PRODUCTS_DIR; };
/* End PBXFileReference section */

/* Begin PBXFrameworksBuildPhase section */
		46943B4F1E2EFAA10079685A /* Frameworks */ = {
			isa = PBXFrameworksBuildPhase;
			buildActionMask = 2147483647;
			files = (
				F063ADF081699261012D9261 /* Pods_SocialAppFireBaseTest.framework in Frameworks */,
			);
			runOnlyForDeploymentPostprocessing = 0;
		};
		46943B631E2EFAA10079685A /* Frameworks */ = {
			isa = PBXFrameworksBuildPhase;
			buildActionMask = 2147483647;
			files = (
				7A93D497279024E9A63D21E9 /* Pods_SocialAppFireBaseTestTests.framework in Frameworks */,
			);
			runOnlyForDeploymentPostprocessing = 0;
		};
		46943B6E1E2EFAA10079685A /* Frameworks */ = {
			isa = PBXFrameworksBuildPhase;
			buildActionMask = 2147483647;
			files = (
				F320D148FFF0ADE9F3DE915F /* Pods_SocialAppFireBaseTestUITests.framework in Frameworks */,
			);
			runOnlyForDeploymentPostprocessing = 0;
		};
/* End PBXFrameworksBuildPhase section */

/* Begin PBXGroup section */
		46943B491E2EFAA10079685A = {
			isa = PBXGroup;
			children = (
				46943B541E2EFAA10079685A /* SocialAppFireBaseTest */,
				46943B691E2EFAA10079685A /* SocialAppFireBaseTestTests */,
				46943B741E2EFAA10079685A /* SocialAppFireBaseTestUITests */,
				46943B531E2EFAA10079685A /* Products */,
				58F5450E1FBBB851FE604820 /* Pods */,
				C3FE1DEA5977A627018F352C /* Frameworks */,
			);
			sourceTree = "<group>";
		};
		46943B531E2EFAA10079685A /* Products */ = {
			isa = PBXGroup;
			children = (
				46943B521E2EFAA10079685A /* SocialAppFireBaseTest.app */,
				46943B661E2EFAA10079685A /* SocialAppFireBaseTestTests.xctest */,
				46943B711E2EFAA10079685A /* SocialAppFireBaseTestUITests.xctest */,
			);
			name = Products;
			sourceTree = "<group>";
		};
		46943B541E2EFAA10079685A /* SocialAppFireBaseTest */ = {
			isa = PBXGroup;
			children = (
				46943B551E2EFAA10079685A /* AppDelegate.swift */,
				46943B571E2EFAA10079685A /* ViewController.swift */,
				46943B591E2EFAA10079685A /* Main.storyboard */,
				46943B5C1E2EFAA10079685A /* Assets.xcassets */,
				46943B5E1E2EFAA10079685A /* LaunchScreen.storyboard */,
				46943B611E2EFAA10079685A /* Info.plist */,
				46943B851E2F031C0079685A /* GoogleService-Info.plist */,
				46943B871E2F0CEB0079685A /* FeedViewController.swift */,
			);
			path = SocialAppFireBaseTest;
			sourceTree = "<group>";
		};
		46943B691E2EFAA10079685A /* SocialAppFireBaseTestTests */ = {
			isa = PBXGroup;
			children = (
				46943B6A1E2EFAA10079685A /* SocialAppFireBaseTestTests.swift */,
				46943B6C1E2EFAA10079685A /* Info.plist */,
			);
			path = SocialAppFireBaseTestTests;
			sourceTree = "<group>";
		};
		46943B741E2EFAA10079685A /* SocialAppFireBaseTestUITests */ = {
			isa = PBXGroup;
			children = (
				46943B751E2EFAA10079685A /* SocialAppFireBaseTestUITests.swift */,
				46943B771E2EFAA10079685A /* Info.plist */,
			);
			path = SocialAppFireBaseTestUITests;
			sourceTree = "<group>";
		};
		58F5450E1FBBB851FE604820 /* Pods */ = {
			isa = PBXGroup;
			children = (
				C0EB65123F7BBA1BDF82B2F9 /* Pods-SocialAppFireBaseTest.debug.xcconfig */,
				210FB6CDE46A44A6FA630F27 /* Pods-SocialAppFireBaseTest.release.xcconfig */,
				67460237B5178937AF17BD99 /* Pods-SocialAppFireBaseTestTests.debug.xcconfig */,
				32792132F39F99202B7DFC8D /* Pods-SocialAppFireBaseTestTests.release.xcconfig */,
				C9C5A325BA94282DE29FA880 /* Pods-SocialAppFireBaseTestUITests.debug.xcconfig */,
				107D1D3593966D6E9EAD5A9B /* Pods-SocialAppFireBaseTestUITests.release.xcconfig */,
			);
			name = Pods;
			sourceTree = "<group>";
		};
		C3FE1DEA5977A627018F352C /* Frameworks */ = {
			isa = PBXGroup;
			children = (
				E9347D5CD8507B9F543885D9 /* Pods_SocialAppFireBaseTest.framework */,
				1037B714C2DA419615C8C700 /* Pods_SocialAppFireBaseTestTests.framework */,
				690E447175288FE40757C497 /* Pods_SocialAppFireBaseTestUITests.framework */,
			);
			name = Frameworks;
			sourceTree = "<group>";
		};
/* End PBXGroup section */

/* Begin PBXNativeTarget section */
		46943B511E2EFAA10079685A /* SocialAppFireBaseTest */ = {
			isa = PBXNativeTarget;
			buildConfigurationList = 46943B7A1E2EFAA10079685A /* Build configuration list for PBXNativeTarget "SocialAppFireBaseTest" */;
			buildPhases = (
				582C05DFE4FF758B2B79AA95 /* [CP] Check Pods Manifest.lock */,
				46943B4E1E2EFAA10079685A /* Sources */,
				46943B4F1E2EFAA10079685A /* Frameworks */,
				46943B501E2EFAA10079685A /* Resources */,
				A71BC3003BCDA97A50EB08AD /* [CP] Embed Pods Frameworks */,
				CC8568A602205E96E0F99F6E /* [CP] Copy Pods Resources */,
			);
			buildRules = (
			);
			dependencies = (
			);
			name = SocialAppFireBaseTest;
			productName = SocialAppFireBaseTest;
			productReference = 46943B521E2EFAA10079685A /* SocialAppFireBaseTest.app */;
			productType = "com.apple.product-type.application";
		};
		46943B651E2EFAA10079685A /* SocialAppFireBaseTestTests */ = {
			isa = PBXNativeTarget;
			buildConfigurationList = 46943B7D1E2EFAA10079685A /* Build configuration list for PBXNativeTarget "SocialAppFireBaseTestTests" */;
			buildPhases = (
				B16B6C22E97F3D6F0D0702FF /* [CP] Check Pods Manifest.lock */,
				46943B621E2EFAA10079685A /* Sources */,
				46943B631E2EFAA10079685A /* Frameworks */,
				46943B641E2EFAA10079685A /* Resources */,
				EDD009ABA067E0C4DF1C9634 /* [CP] Embed Pods Frameworks */,
				2EA7823396F6E76FBBA3F372 /* [CP] Copy Pods Resources */,
			);
			buildRules = (
			);
			dependencies = (
				46943B681E2EFAA10079685A /* PBXTargetDependency */,
			);
			name = SocialAppFireBaseTestTests;
			productName = SocialAppFireBaseTestTests;
			productReference = 46943B661E2EFAA10079685A /* SocialAppFireBaseTestTests.xctest */;
			productType = "com.apple.product-type.bundle.unit-test";
		};
		46943B701E2EFAA10079685A /* SocialAppFireBaseTestUITests */ = {
			isa = PBXNativeTarget;
			buildConfigurationList = 46943B801E2EFAA10079685A /* Build configuration list for PBXNativeTarget "SocialAppFireBaseTestUITests" */;
			buildPhases = (
				4DA4201B3AE1A46313681A7F /* [CP] Check Pods Manifest.lock */,
				46943B6D1E2EFAA10079685A /* Sources */,
				46943B6E1E2EFAA10079685A /* Frameworks */,
				46943B6F1E2EFAA10079685A /* Resources */,
				762EF9B29296017C36A398F7 /* [CP] Embed Pods Frameworks */,
				EA1BFF37190C1CD4B631258D /* [CP] Copy Pods Resources */,
			);
			buildRules = (
			);
			dependencies = (
				46943B731E2EFAA10079685A /* PBXTargetDependency */,
			);
			name = SocialAppFireBaseTestUITests;
			productName = SocialAppFireBaseTestUITests;
			productReference = 46943B711E2EFAA10079685A /* SocialAppFireBaseTestUITests.xctest */;
			productType = "com.apple.product-type.bundle.ui-testing";
		};
/* End PBXNativeTarget section */

/* Begin PBXProject section */
		46943B4A1E2EFAA10079685A /* Project object */ = {
			isa = PBXProject;
			attributes = {
				LastSwiftUpdateCheck = 0820;
				LastUpgradeCheck = 0820;
				ORGANIZATIONNAME = "Youssef Elabd";
				TargetAttributes = {
					46943B511E2EFAA10079685A = {
						CreatedOnToolsVersion = 8.2.1;
						ProvisioningStyle = Automatic;
					};
					46943B651E2EFAA10079685A = {
						CreatedOnToolsVersion = 8.2.1;
						ProvisioningStyle = Automatic;
						TestTargetID = 46943B511E2EFAA10079685A;
					};
					46943B701E2EFAA10079685A = {
						CreatedOnToolsVersion = 8.2.1;
						ProvisioningStyle = Automatic;
						TestTargetID = 46943B511E2EFAA10079685A;
					};
				};
			};
			buildConfigurationList = 46943B4D1E2EFAA10079685A /* Build configuration list for PBXProject "SocialAppFireBaseTest" */;
			compatibilityVersion = "Xcode 3.2";
			developmentRegion = English;
			hasScannedForEncodings = 0;
			knownRegions = (
				en,
				Base,
			);
			mainGroup = 46943B491E2EFAA10079685A;
			productRefGroup = 46943B531E2EFAA10079685A /* Products */;
			projectDirPath = "";
			projectRoot = "";
			targets = (
				46943B511E2EFAA10079685A /* SocialAppFireBaseTest */,
				46943B651E2EFAA10079685A /* SocialAppFireBaseTestTests */,
				46943B701E2EFAA10079685A /* SocialAppFireBaseTestUITests */,
			);
		};
/* End PBXProject section */

/* Begin PBXResourcesBuildPhase section */
		46943B501E2EFAA10079685A /* Resources */ = {
			isa = PBXResourcesBuildPhase;
			buildActionMask = 2147483647;
			files = (
				46943B601E2EFAA10079685A /* LaunchScreen.storyboard in Resources */,
				46943B861E2F031C0079685A /* GoogleService-Info.plist in Resources */,
				46943B5D1E2EFAA10079685A /* Assets.xcassets in Resources */,
				46943B5B1E2EFAA10079685A /* Main.storyboard in Resources */,
			);
			runOnlyForDeploymentPostprocessing = 0;
		};
		46943B641E2EFAA10079685A /* Resources */ = {
			isa = PBXResourcesBuildPhase;
			buildActionMask = 2147483647;
			files = (
			);
			runOnlyForDeploymentPostprocessing = 0;
		};
		46943B6F1E2EFAA10079685A /* Resources */ = {
			isa = PBXResourcesBuildPhase;
			buildActionMask = 2147483647;
			files = (
			);
			runOnlyForDeploymentPostprocessing = 0;
		};
/* End PBXResourcesBuildPhase section */

/* Begin PBXShellScriptBuildPhase section */
		2EA7823396F6E76FBBA3F372 /* [CP] Copy Pods Resources */ = {
			isa = PBXShellScriptBuildPhase;
			buildActionMask = 2147483647;
			files = (
			);
			inputPaths = (
			);
			name = "[CP] Copy Pods Resources";
			outputPaths = (
			);
			runOnlyForDeploymentPostprocessing = 0;
			shellPath = /bin/sh;
			shellScript = "\"${SRCROOT}/Pods/Target Support Files/Pods-SocialAppFireBaseTestTests/Pods-SocialAppFireBaseTestTests-resources.sh\"\n";
			showEnvVarsInLog = 0;
		};
		4DA4201B3AE1A46313681A7F /* [CP] Check Pods Manifest.lock */ = {
			isa = PBXShellScriptBuildPhase;
			buildActionMask = 2147483647;
			files = (
			);
			inputPaths = (
			);
			name = "[CP] Check Pods Manifest.lock";
			outputPaths = (
			);
			runOnlyForDeploymentPostprocessing = 0;
			shellPath = /bin/sh;
			shellScript = "diff \"${PODS_ROOT}/../Podfile.lock\" \"${PODS_ROOT}/Manifest.lock\" > /dev/null\nif [ $? != 0 ] ; then\n    # print error to STDERR\n    echo \"error: The sandbox is not in sync with the Podfile.lock. Run 'pod install' or update your CocoaPods installation.\" >&2\n    exit 1\nfi\n";
			showEnvVarsInLog = 0;
		};
		582C05DFE4FF758B2B79AA95 /* [CP] Check Pods Manifest.lock */ = {
			isa = PBXShellScriptBuildPhase;
			buildActionMask = 2147483647;
			files = (
			);
			inputPaths = (
			);
			name = "[CP] Check Pods Manifest.lock";
			outputPaths = (
			);
			runOnlyForDeploymentPostprocessing = 0;
			shellPath = /bin/sh;
			shellScript = "diff \"${PODS_ROOT}/../Podfile.lock\" \"${PODS_ROOT}/Manifest.lock\" > /dev/null\nif [ $? != 0 ] ; then\n    # print error to STDERR\n    echo \"error: The sandbox is not in sync with the Podfile.lock. Run 'pod install' or update your CocoaPods installation.\" >&2\n    exit 1\nfi\n";
			showEnvVarsInLog = 0;
		};
		762EF9B29296017C36A398F7 /* [CP] Embed Pods Frameworks */ = {
			isa = PBXShellScriptBuildPhase;
			buildActionMask = 2147483647;
			files = (
			);
			inputPaths = (
			);
			name = "[CP] Embed Pods Frameworks";
			outputPaths = (
			);
			runOnlyForDeploymentPostprocessing = 0;
			shellPath = /bin/sh;
			shellScript = "\"${SRCROOT}/Pods/Target Support Files/Pods-SocialAppFireBaseTestUITests/Pods-SocialAppFireBaseTestUITests-frameworks.sh\"\n";
			showEnvVarsInLog = 0;
		};
		A71BC3003BCDA97A50EB08AD /* [CP] Embed Pods Frameworks */ = {
			isa = PBXShellScriptBuildPhase;
			buildActionMask = 2147483647;
			files = (
			);
			inputPaths = (
			);
			name = "[CP] Embed Pods Frameworks";
			outputPaths = (
			);
			runOnlyForDeploymentPostprocessing = 0;
			shellPath = /bin/sh;
			shellScript = "\"${SRCROOT}/Pods/Target Support Files/Pods-SocialAppFireBaseTest/Pods-SocialAppFireBaseTest-frameworks.sh\"\n";
			showEnvVarsInLog = 0;
		};
		B16B6C22E97F3D6F0D0702FF /* [CP] Check Pods Manifest.lock */ = {
			isa = PBXShellScriptBuildPhase;
			buildActionMask = 2147483647;
			files = (
			);
			inputPaths = (
			);
			name = "[CP] Check Pods Manifest.lock";
			outputPaths = (
			);
			runOnlyForDeploymentPostprocessing = 0;
			shellPath = /bin/sh;
			shellScript = "diff \"${PODS_ROOT}/../Podfile.lock\" \"${PODS_ROOT}/Manifest.lock\" > /dev/null\nif [ $? != 0 ] ; then\n    # print error to STDERR\n    echo \"error: The sandbox is not in sync with the Podfile.lock. Run 'pod install' or update your CocoaPods installation.\" >&2\n    exit 1\nfi\n";
			showEnvVarsInLog = 0;
		};
		CC8568A602205E96E0F99F6E /* [CP] Copy Pods Resources */ = {
			isa = PBXShellScriptBuildPhase;
			buildActionMask = 2147483647;
			files = (
			);
			inputPaths = (
			);
			name = "[CP] Copy Pods Resources";
			outputPaths = (
			);
			runOnlyForDeploymentPostprocessing = 0;
			shellPath = /bin/sh;
			shellScript = "\"${SRCROOT}/Pods/Target Support Files/Pods-SocialAppFireBaseTest/Pods-SocialAppFireBaseTest-resources.sh\"\n";
			showEnvVarsInLog = 0;
		};
		EA1BFF37190C1CD4B631258D /* [CP] Copy Pods Resources */ = {
			isa = PBXShellScriptBuildPhase;
			buildActionMask = 2147483647;
			files = (
			);
			inputPaths = (
			);
			name = "[CP] Copy Pods Resources";
			outputPaths = (
			);
			runOnlyForDeploymentPostprocessing = 0;
			shellPath = /bin/sh;
			shellScript = "\"${SRCROOT}/Pods/Target Support Files/Pods-SocialAppFireBaseTestUITests/Pods-SocialAppFireBaseTestUITests-resources.sh\"\n";
			showEnvVarsInLog = 0;
		};
		EDD009ABA067E0C4DF1C9634 /* [CP] Embed Pods Frameworks */ = {
			isa = PBXShellScriptBuildPhase;
			buildActionMask = 2147483647;
			files = (
			);
			inputPaths = (
			);
			name = "[CP] Embed Pods Frameworks";
			outputPaths = (
			);
			runOnlyForDeploymentPostprocessing = 0;
			shellPath = /bin/sh;
			shellScript = "\"${SRCROOT}/Pods/Target Support Files/Pods-SocialAppFireBaseTestTests/Pods-SocialAppFireBaseTestTests-frameworks.sh\"\n";
			showEnvVarsInLog = 0;
		};
/* End PBXShellScriptBuildPhase section */

/* Begin PBXSourcesBuildPhase section */
		46943B4E1E2EFAA10079685A /* Sources */ = {
			isa = PBXSourcesBuildPhase;
			buildActionMask = 2147483647;
			files = (
				46943B581E2EFAA10079685A /* ViewController.swift in Sources */,
				46943B881E2F0CEB0079685A /* FeedViewController.swift in Sources */,
				46943B561E2EFAA10079685A /* AppDelegate.swift in Sources */,
			);
			runOnlyForDeploymentPostprocessing = 0;
		};
		46943B621E2EFAA10079685A /* Sources */ = {
			isa = PBXSourcesBuildPhase;
			buildActionMask = 2147483647;
			files = (
				46943B6B1E2EFAA10079685A /* SocialAppFireBaseTestTests.swift in Sources */,
			);
			runOnlyForDeploymentPostprocessing = 0;
		};
		46943B6D1E2EFAA10079685A /* Sources */ = {
			isa = PBXSourcesBuildPhase;
			buildActionMask = 2147483647;
			files = (
				46943B761E2EFAA10079685A /* SocialAppFireBaseTestUITests.swift in Sources */,
			);
			runOnlyForDeploymentPostprocessing = 0;
		};
/* End PBXSourcesBuildPhase section */

/* Begin PBXTargetDependency section */
		46943B681E2EFAA10079685A /* PBXTargetDependency */ = {
			isa = PBXTargetDependency;
			target = 46943B511E2EFAA10079685A /* SocialAppFireBaseTest */;
			targetProxy = 46943B671E2EFAA10079685A /* PBXContainerItemProxy */;
		};
		46943B731E2EFAA10079685A /* PBXTargetDependency */ = {
			isa = PBXTargetDependency;
			target = 46943B511E2EFAA10079685A /* SocialAppFireBaseTest */;
			targetProxy = 46943B721E2EFAA10079685A /* PBXContainerItemProxy */;
		};
/* End PBXTargetDependency section */

/* Begin PBXVariantGroup section */
		46943B591E2EFAA10079685A /* Main.storyboard */ = {
			isa = PBXVariantGroup;
			children = (
				46943B5A1E2EFAA10079685A /* Base */,
			);
			name = Main.storyboard;
			sourceTree = "<group>";
		};
		46943B5E1E2EFAA10079685A /* LaunchScreen.storyboard */ = {
			isa = PBXVariantGroup;
			children = (
				46943B5F1E2EFAA10079685A /* Base */,
			);
			name = LaunchScreen.storyboard;
			sourceTree = "<group>";
		};
/* End PBXVariantGroup section */

/* Begin XCBuildConfiguration section */
		46943B781E2EFAA10079685A /* Debug */ = {
			isa = XCBuildConfiguration;
			buildSettings = {
				ALWAYS_SEARCH_USER_PATHS = NO;
				CLANG_ANALYZER_NONNULL = YES;
				CLANG_CXX_LANGUAGE_STANDARD = "gnu++0x";
				CLANG_CXX_LIBRARY = "libc++";
				CLANG_ENABLE_MODULES = YES;
				CLANG_ENABLE_OBJC_ARC = YES;
				CLANG_WARN_BOOL_CONVERSION = YES;
				CLANG_WARN_CONSTANT_CONVERSION = YES;
				CLANG_WARN_DIRECT_OBJC_ISA_USAGE = YES_ERROR;
				CLANG_WARN_DOCUMENTATION_COMMENTS = YES;
				CLANG_WARN_EMPTY_BODY = YES;
				CLANG_WARN_ENUM_CONVERSION = YES;
				CLANG_WARN_INFINITE_RECURSION = YES;
				CLANG_WARN_INT_CONVERSION = YES;
				CLANG_WARN_OBJC_ROOT_CLASS = YES_ERROR;
				CLANG_WARN_SUSPICIOUS_MOVE = YES;
				CLANG_WARN_UNREACHABLE_CODE = YES;
				CLANG_WARN__DUPLICATE_METHOD_MATCH = YES;
				"CODE_SIGN_IDENTITY[sdk=iphoneos*]" = "iPhone Developer";
				COPY_PHASE_STRIP = NO;
				DEBUG_INFORMATION_FORMAT = dwarf;
				ENABLE_STRICT_OBJC_MSGSEND = YES;
				ENABLE_TESTABILITY = YES;
				GCC_C_LANGUAGE_STANDARD = gnu99;
				GCC_DYNAMIC_NO_PIC = NO;
				GCC_NO_COMMON_BLOCKS = YES;
				GCC_OPTIMIZATION_LEVEL = 0;
				GCC_PREPROCESSOR_DEFINITIONS = (
					"DEBUG=1",
					"$(inherited)",
				);
				GCC_WARN_64_TO_32_BIT_CONVERSION = YES;
				GCC_WARN_ABOUT_RETURN_TYPE = YES_ERROR;
				GCC_WARN_UNDECLARED_SELECTOR = YES;
				GCC_WARN_UNINITIALIZED_AUTOS = YES_AGGRESSIVE;
				GCC_WARN_UNUSED_FUNCTION = YES;
				GCC_WARN_UNUSED_VARIABLE = YES;
				IPHONEOS_DEPLOYMENT_TARGET = 10.2;
				MTL_ENABLE_DEBUG_INFO = YES;
				ONLY_ACTIVE_ARCH = YES;
				SDKROOT = iphoneos;
				SWIFT_ACTIVE_COMPILATION_CONDITIONS = DEBUG;
				SWIFT_OPTIMIZATION_LEVEL = "-Onone";
			};
			name = Debug;
		};
		46943B791E2EFAA10079685A /* Release */ = {
			isa = XCBuildConfiguration;
			buildSettings = {
				ALWAYS_SEARCH_USER_PATHS = NO;
				CLANG_ANALYZER_NONNULL = YES;
				CLANG_CXX_LANGUAGE_STANDARD = "gnu++0x";
				CLANG_CXX_LIBRARY = "libc++";
				CLANG_ENABLE_MODULES = YES;
				CLANG_ENABLE_OBJC_ARC = YES;
				CLANG_WARN_BOOL_CONVERSION = YES;
				CLANG_WARN_CONSTANT_CONVERSION = YES;
				CLANG_WARN_DIRECT_OBJC_ISA_USAGE = YES_ERROR;
				CLANG_WARN_DOCUMENTATION_COMMENTS = YES;
				CLANG_WARN_EMPTY_BODY = YES;
				CLANG_WARN_ENUM_CONVERSION = YES;
				CLANG_WARN_INFINITE_RECURSION = YES;
				CLANG_WARN_INT_CONVERSION = YES;
				CLANG_WARN_OBJC_ROOT_CLASS = YES_ERROR;
				CLANG_WARN_SUSPICIOUS_MOVE = YES;
				CLANG_WARN_UNREACHABLE_CODE = YES;
				CLANG_WARN__DUPLICATE_METHOD_MATCH = YES;
				"CODE_SIGN_IDENTITY[sdk=iphoneos*]" = "iPhone Developer";
				COPY_PHASE_STRIP = NO;
				DEBUG_INFORMATION_FORMAT = "dwarf-with-dsym";
				ENABLE_NS_ASSERTIONS = NO;
				ENABLE_STRICT_OBJC_MSGSEND = YES;
				GCC_C_LANGUAGE_STANDARD = gnu99;
				GCC_NO_COMMON_BLOCKS = YES;
				GCC_WARN_64_TO_32_BIT_CONVERSION = YES;
				GCC_WARN_ABOUT_RETURN_TYPE = YES_ERROR;
				GCC_WARN_UNDECLARED_SELECTOR = YES;
				GCC_WARN_UNINITIALIZED_AUTOS = YES_AGGRESSIVE;
				GCC_WARN_UNUSED_FUNCTION = YES;
				GCC_WARN_UNUSED_VARIABLE = YES;
				IPHONEOS_DEPLOYMENT_TARGET = 10.2;
				MTL_ENABLE_DEBUG_INFO = NO;
				SDKROOT = iphoneos;
				SWIFT_OPTIMIZATION_LEVEL = "-Owholemodule";
				VALIDATE_PRODUCT = YES;
			};
			name = Release;
		};
		46943B7B1E2EFAA10079685A /* Debug */ = {
			isa = XCBuildConfiguration;
			baseConfigurationReference = C0EB65123F7BBA1BDF82B2F9 /* Pods-SocialAppFireBaseTest.debug.xcconfig */;
			buildSettings = {
				ASSETCATALOG_COMPILER_APPICON_NAME = AppIcon;
				INFOPLIST_FILE = SocialAppFireBaseTest/Info.plist;
				LD_RUNPATH_SEARCH_PATHS = "$(inherited) @executable_path/Frameworks";
				PRODUCT_BUNDLE_IDENTIFIER = com.youssefelabd.SocialAppFireBaseTest;
				PRODUCT_NAME = "$(TARGET_NAME)";
				SWIFT_VERSION = 3.0;
			};
			name = Debug;
		};
		46943B7C1E2EFAA10079685A /* Release */ = {
			isa = XCBuildConfiguration;
			baseConfigurationReference = 210FB6CDE46A44A6FA630F27 /* Pods-SocialAppFireBaseTest.release.xcconfig */;
			buildSettings = {
				ASSETCATALOG_COMPILER_APPICON_NAME = AppIcon;
				INFOPLIST_FILE = SocialAppFireBaseTest/Info.plist;
				LD_RUNPATH_SEARCH_PATHS = "$(inherited) @executable_path/Frameworks";
				PRODUCT_BUNDLE_IDENTIFIER = com.youssefelabd.SocialAppFireBaseTest;
				PRODUCT_NAME = "$(TARGET_NAME)";
				SWIFT_VERSION = 3.0;
			};
			name = Release;
		};
		46943B7E1E2EFAA10079685A /* Debug */ = {
			isa = XCBuildConfiguration;
			baseConfigurationReference = 67460237B5178937AF17BD99 /* Pods-SocialAppFireBaseTestTests.debug.xcconfig */;
			buildSettings = {
				ALWAYS_EMBED_SWIFT_STANDARD_LIBRARIES = YES;
				BUNDLE_LOADER = "$(TEST_HOST)";
				INFOPLIST_FILE = SocialAppFireBaseTestTests/Info.plist;
				LD_RUNPATH_SEARCH_PATHS = "$(inherited) @executable_path/Frameworks @loader_path/Frameworks";
				PRODUCT_BUNDLE_IDENTIFIER = youssefelabd.com.SocialAppFireBaseTestTests;
				PRODUCT_NAME = "$(TARGET_NAME)";
				SWIFT_VERSION = 3.0;
				TEST_HOST = "$(BUILT_PRODUCTS_DIR)/SocialAppFireBaseTest.app/SocialAppFireBaseTest";
			};
			name = Debug;
		};
		46943B7F1E2EFAA10079685A /* Release */ = {
			isa = XCBuildConfiguration;
			baseConfigurationReference = 32792132F39F99202B7DFC8D /* Pods-SocialAppFireBaseTestTests.release.xcconfig */;
			buildSettings = {
				ALWAYS_EMBED_SWIFT_STANDARD_LIBRARIES = YES;
				BUNDLE_LOADER = "$(TEST_HOST)";
				INFOPLIST_FILE = SocialAppFireBaseTestTests/Info.plist;
				LD_RUNPATH_SEARCH_PATHS = "$(inherited) @executable_path/Frameworks @loader_path/Frameworks";
				PRODUCT_BUNDLE_IDENTIFIER = youssefelabd.com.SocialAppFireBaseTestTests;
				PRODUCT_NAME = "$(TARGET_NAME)";
				SWIFT_VERSION = 3.0;
				TEST_HOST = "$(BUILT_PRODUCTS_DIR)/SocialAppFireBaseTest.app/SocialAppFireBaseTest";
			};
			name = Release;
		};
		46943B811E2EFAA10079685A /* Debug */ = {
			isa = XCBuildConfiguration;
			baseConfigurationReference = C9C5A325BA94282DE29FA880 /* Pods-SocialAppFireBaseTestUITests.debug.xcconfig */;
			buildSettings = {
				ALWAYS_EMBED_SWIFT_STANDARD_LIBRARIES = YES;
				INFOPLIST_FILE = SocialAppFireBaseTestUITests/Info.plist;
				LD_RUNPATH_SEARCH_PATHS = "$(inherited) @executable_path/Frameworks @loader_path/Frameworks";
				PRODUCT_BUNDLE_IDENTIFIER = youssefelabd.com.SocialAppFireBaseTestUITests;
				PRODUCT_NAME = "$(TARGET_NAME)";
				SWIFT_VERSION = 3.0;
				TEST_TARGET_NAME = SocialAppFireBaseTest;
			};
			name = Debug;
		};
		46943B821E2EFAA10079685A /* Release */ = {
			isa = XCBuildConfiguration;
			baseConfigurationReference = 107D1D3593966D6E9EAD5A9B /* Pods-SocialAppFireBaseTestUITests.release.xcconfig */;
			buildSettings = {
				ALWAYS_EMBED_SWIFT_STANDARD_LIBRARIES = YES;
				INFOPLIST_FILE = SocialAppFireBaseTestUITests/Info.plist;
				LD_RUNPATH_SEARCH_PATHS = "$(inherited) @executable_path/Frameworks @loader_path/Frameworks";
				PRODUCT_BUNDLE_IDENTIFIER = youssefelabd.com.SocialAppFireBaseTestUITests;
				PRODUCT_NAME = "$(TARGET_NAME)";
				SWIFT_VERSION = 3.0;
				TEST_TARGET_NAME = SocialAppFireBaseTest;
			};
			name = Release;
		};
/* End XCBuildConfiguration section */

/* Begin XCConfigurationList section */
		46943B4D1E2EFAA10079685A /* Build configuration list for PBXProject "SocialAppFireBaseTest" */ = {
			isa = XCConfigurationList;
			buildConfigurations = (
				46943B781E2EFAA10079685A /* Debug */,
				46943B791E2EFAA10079685A /* Release */,
			);
			defaultConfigurationIsVisible = 0;
			defaultConfigurationName = Release;
		};
		46943B7A1E2EFAA10079685A /* Build configuration list for PBXNativeTarget "SocialAppFireBaseTest" */ = {
			isa = XCConfigurationList;
			buildConfigurations = (
				46943B7B1E2EFAA10079685A /* Debug */,
				46943B7C1E2EFAA10079685A /* Release */,
			);
			defaultConfigurationIsVisible = 0;
			defaultConfigurationName = Release;
		};
		46943B7D1E2EFAA10079685A /* Build configuration list for PBXNativeTarget "SocialAppFireBaseTestTests" */ = {
			isa = XCConfigurationList;
			buildConfigurations = (
				46943B7E1E2EFAA10079685A /* Debug */,
				46943B7F1E2EFAA10079685A /* Release */,
			);
			defaultConfigurationIsVisible = 0;
			defaultConfigurationName = Release;
		};
		46943B801E2EFAA10079685A /* Build configuration list for PBXNativeTarget "SocialAppFireBaseTestUITests" */ = {
			isa = XCConfigurationList;
			buildConfigurations = (
				46943B811E2EFAA10079685A /* Debug */,
				46943B821E2EFAA10079685A /* Release */,
			);
			defaultConfigurationIsVisible = 0;
			defaultConfigurationName = Release;
		};
/* End XCConfigurationList section */
	};
	rootObject = 46943B4A1E2EFAA10079685A /* Project object */;
}
